// !$*UTF8*$!
{
	archiveVersion = 1;
	classes = {
	};
	objectVersion = 77;
	objects = {

/* Begin PBXBuildFile section */
		02333F1C7B4832A61E57A245 /* ControllerTestView.swift in Sources */ = {isa = PBXBuildFile; fileRef = CB83D00EB74FC4E628955BCE /* ControllerTestView.swift */; };
		026CD25A5A7A4881AC6252AE /* LibraryEditing.swift in Sources */ = {isa = PBXBuildFile; fileRef = 2ABB68A7CE89083ACCBE20BC /* LibraryEditing.swift */; };
		027C05DE49D217FF36A11277 /* Domain in Frameworks */ = {isa = PBXBuildFile; productRef = DCB264D4EC935990E4A49C62 /* Domain */; };
		0779CD1FCEE0B67901EBD95A /* DisplayModel.swift in Sources */ = {isa = PBXBuildFile; fileRef = 5B2BFD1CFF9C87356CDEE098 /* DisplayModel.swift */; };
		0ADE2D8965DF0EB2970C1299 /* Barlow-SemiBold.ttf in Resources */ = {isa = PBXBuildFile; fileRef = 6AF948AAF0BAAEF8084DC07F /* Barlow-SemiBold.ttf */; };
		0B17236C1AE8462B76F1E113 /* SetupInteractionTests.swift in Sources */ = {isa = PBXBuildFile; fileRef = EC29F464E7AA30FCF14E21D1 /* SetupInteractionTests.swift */; };
		0B41C234F26FCC59D2D7FA28 /* LibraryPersistence.swift in Sources */ = {isa = PBXBuildFile; fileRef = C0A99C8A8DFE712FC7DD3CEF /* LibraryPersistence.swift */; };
		0D2E79FBE3049ECE01746076 /* barlowcondensed-OFL.txt in Resources */ = {isa = PBXBuildFile; fileRef = 99CC90B68B12DC034A62B4A8 /* barlowcondensed-OFL.txt */; };
		14216B99792AA03166CC204A /* BigScreenApp.swift in Sources */ = {isa = PBXBuildFile; fileRef = DC34C0B6A3AA65EAACEB3DF6 /* BigScreenApp.swift */; };
		184DCD9AB341114AFCCFE804 /* AuthenticationView.swift in Sources */ = {isa = PBXBuildFile; fileRef = 8D6705B879274E7AFECA275A /* AuthenticationView.swift */; };
		1893A3DCB6C8FDCE2B5C32E1 /* barlow-OFL.txt in Resources */ = {isa = PBXBuildFile; fileRef = C8DF7A3A43F7711BF2900808 /* barlow-OFL.txt */; };
		1C1BD2C0F9B2D54C8BA9272C /* Barlow-Medium.ttf in Resources */ = {isa = PBXBuildFile; fileRef = 08513EE3EB4D3FF23A5EC440 /* Barlow-Medium.ttf */; };
		1CDD97632E3844CB38650231 /* DesignSystem.swift in Sources */ = {isa = PBXBuildFile; fileRef = ACE543D0F8A5BF17507E08D4 /* DesignSystem.swift */; };
		1EFD31AE2D9D221A91B9222D /* DownloadPresentation.swift in Sources */ = {isa = PBXBuildFile; fileRef = F368FC58634A6CD38017484C /* DownloadPresentation.swift */; };
		22C6ADE3CF2AAE902950F889 /* GameExitShortcut.swift in Sources */ = {isa = PBXBuildFile; fileRef = DAC0CDDDECE591309D86C1B6 /* GameExitShortcut.swift */; };
		27CA48F6804A313742ECE091 /* Sources in Frameworks */ = {isa = PBXBuildFile; productRef = AA4199507081D0EE49C53585 /* Sources */; };
		289C912D18322B71016A270B /* LibraryViews.swift in Sources */ = {isa = PBXBuildFile; fileRef = E59AD64ED47C06CB9847E69F /* LibraryViews.swift */; };
		2A30E28CC49257F4096D7123 /* DownloadsStorage.swift in Sources */ = {isa = PBXBuildFile; fileRef = 18AA50524F3D0D3487AA3084 /* DownloadsStorage.swift */; };
		2CBF1B157A95E516A68766C2 /* AmbientBackdrop.swift in Sources */ = {isa = PBXBuildFile; fileRef = 6C51BD54920288A7687D10E5 /* AmbientBackdrop.swift */; };
		30306F64D650CE41AADD0B44 /* LibraryPersistenceTests.swift in Sources */ = {isa = PBXBuildFile; fileRef = 0EB9DBF77AE790F10C180E46 /* LibraryPersistenceTests.swift */; };
		339B25E5D038DDAF8B50576E /* LibraryInteractionTests.swift in Sources */ = {isa = PBXBuildFile; fileRef = 99B69173E3CBF5EC838826D5 /* LibraryInteractionTests.swift */; };
		36F6307D8E8DC73C2A6AF33F /* AccountModel.swift in Sources */ = {isa = PBXBuildFile; fileRef = 960AF38981989E6B845AE12D /* AccountModel.swift */; };
		38E2837AB3519707459E65EF /* InstallModel.swift in Sources */ = {isa = PBXBuildFile; fileRef = 290BD195A4CE920AC4FD05D0 /* InstallModel.swift */; };
		39CC303E3BA3D56385AAECF9 /* Catalog in Frameworks */ = {isa = PBXBuildFile; productRef = 28715DC80ABF712BDFAB9025 /* Catalog */; };
		3D06C7DD0B318C2EDB32000C /* InstallSnapshots.swift in Sources */ = {isa = PBXBuildFile; fileRef = 2282843F7F4162EBF4E8583C /* InstallSnapshots.swift */; };
		400AB80512FEE0BAABEDFD36 /* CloudModel.swift in Sources */ = {isa = PBXBuildFile; fileRef = 1EF000111188A66D0F1EE7F7 /* CloudModel.swift */; };
		47D3331506D352A34D2918D0 /* LibraryFilterTests.swift in Sources */ = {isa = PBXBuildFile; fileRef = 4C9C86672EFCA75AD8158EA9 /* LibraryFilterTests.swift */; };
		557F062A5951E40EC82A7F69 /* FocusViews.swift in Sources */ = {isa = PBXBuildFile; fileRef = F51F9BB1C1297E755C6FB654 /* FocusViews.swift */; };
		759FD0040D3A15F11EB242BF /* SessionModel.swift in Sources */ = {isa = PBXBuildFile; fileRef = FEE20F0279EE5686D8DDF808 /* SessionModel.swift */; };
		764655582701C0B1C2F9BA54 /* SupportViews.swift in Sources */ = {isa = PBXBuildFile; fileRef = 0ABE6CC32C22767FC77D4D03 /* SupportViews.swift */; };
		7C334DEF7D550877108D36C6 /* SetupView.swift in Sources */ = {isa = PBXBuildFile; fileRef = 8E9A8D8C39868D9CD1F07282 /* SetupView.swift */; };
		85893C2ABE20A3E103B5225D /* DownloadTransferTests.swift in Sources */ = {isa = PBXBuildFile; fileRef = 825D548FA12B76980D9AE991 /* DownloadTransferTests.swift */; };
		8898C23653880E5196312E05 /* DisplayInteractionTests.swift in Sources */ = {isa = PBXBuildFile; fileRef = BCEE46DE0C8F1B560E954F47 /* DisplayInteractionTests.swift */; };
		8E48D457DC1378C5E8F680BF /* SetupModel.swift in Sources */ = {isa = PBXBuildFile; fileRef = B189A59421792AA442D72A7D /* SetupModel.swift */; };
		8F22CB0C305DF070224934BA /* BarlowCondensed-SemiBold.ttf in Resources */ = {isa = PBXBuildFile; fileRef = 675832B109B2E37BE237EB27 /* BarlowCondensed-SemiBold.ttf */; };
		8F6786AF7BABC6BECC836D3F /* LibraryFilters.swift in Sources */ = {isa = PBXBuildFile; fileRef = BD033BB2ED7ABC84DF20A75D /* LibraryFilters.swift */; };
		9056FBDE7AA54810D6A27738 /* BarlowCondensed-Bold.ttf in Resources */ = {isa = PBXBuildFile; fileRef = BBF8335C78563AB54988A674 /* BarlowCondensed-Bold.ttf */; };
		9D03D7A93EB51D6CC74F7872 /* SessionSnapshots.swift in Sources */ = {isa = PBXBuildFile; fileRef = 7FE7F5B0C3083DECAE1DC187 /* SessionSnapshots.swift */; };
		A1F98340767C799A2B3CD174 /* SessionViews.swift in Sources */ = {isa = PBXBuildFile; fileRef = 067070582F28748F251928CB /* SessionViews.swift */; };
		A1FF886A1306CD7D8B5CE27F /* Installs in Frameworks */ = {isa = PBXBuildFile; productRef = 616AFAA57B1C670A9E38212D /* Installs */; };
		A5BB015D1145708E9D242027 /* Focus in Frameworks */ = {isa = PBXBuildFile; productRef = 7DAA6C5CD5D24A18E0472A09 /* Focus */; };
		A87C77D05E6DD17B5E85C9BD /* InstallInteractionTests.swift in Sources */ = {isa = PBXBuildFile; fileRef = 766C5E1AA303977304DFD467 /* InstallInteractionTests.swift */; };
		AE24E3CF1C61026537390A49 /* UninstallSnapshots.swift in Sources */ = {isa = PBXBuildFile; fileRef = 0567D32888B0D5F62BD9122E /* UninstallSnapshots.swift */; };
		B1283F0A6BA67AEA7A9C5AE0 /* ControllerInteractionTests.swift in Sources */ = {isa = PBXBuildFile; fileRef = E569123866C09B72649085F1 /* ControllerInteractionTests.swift */; };
		B1590EAEFE782189155E22D5 /* DownloadsStorageTests.swift in Sources */ = {isa = PBXBuildFile; fileRef = 298A7FE3903DF49BE93D4156 /* DownloadsStorageTests.swift */; };
		B1A657D405AAD7C8B281677C /* EditingViews.swift in Sources */ = {isa = PBXBuildFile; fileRef = 4038C0219269A842D64FC94D /* EditingViews.swift */; };
		B25B1F80C0B90AEC6CA8BC60 /* LibraryModel.swift in Sources */ = {isa = PBXBuildFile; fileRef = A7E1299E802C11E73F8A1EDA /* LibraryModel.swift */; };
		B2A98FB795CC03E24E7989E6 /* AccountInteractionTests.swift in Sources */ = {isa = PBXBuildFile; fileRef = 281D1CCE073CC4C5E8961058 /* AccountInteractionTests.swift */; };
		B9C9F1D5CF194B3D92E7705B /* Sessions in Frameworks */ = {isa = PBXBuildFile; productRef = F113430A9DD2F5547F593DAD /* Sessions */; };
		C1FB15B5D9027944888D38FA /* BarlowCondensed-Medium.ttf in Resources */ = {isa = PBXBuildFile; fileRef = 8DF603146150E3A8F502D3AF /* BarlowCondensed-Medium.ttf */; };
		C2F8F929032A1920F449F960 /* UninstallViews.swift in Sources */ = {isa = PBXBuildFile; fileRef = 46AAFB1CC7B0350A0887992E /* UninstallViews.swift */; };
		C4EDBB9348B8E1E02A0161D8 /* CloudReadCheck.swift in Sources */ = {isa = PBXBuildFile; fileRef = 5F124DDCA81FCCB25F42B2E6 /* CloudReadCheck.swift */; };
		C4F6044A852DE53219F2C612 /* UninstallModel.swift in Sources */ = {isa = PBXBuildFile; fileRef = AAE11B2EFFCEB9C2937AF54F /* UninstallModel.swift */; };
		C617DC97E2339CC012966C7D /* GameDisplay.swift in Sources */ = {isa = PBXBuildFile; fileRef = 3F8702FA8C0998A1511EBD2C /* GameDisplay.swift */; };
		CA15BEFA39C7E33110214117 /* Runner in Frameworks */ = {isa = PBXBuildFile; productRef = 6310A68293BC5942095233F5 /* Runner */; };
		CA2CD29BB2A361B7CCF5F01C /* PreviewCatalog.swift in Sources */ = {isa = PBXBuildFile; fileRef = DB21DA9AE3F1CFE573775A04 /* PreviewCatalog.swift */; };
		CAF7A51F716DA804FB81BE04 /* Barlow-Regular.ttf in Resources */ = {isa = PBXBuildFile; fileRef = 4622DF2E186C3B6F638C30B1 /* Barlow-Regular.ttf */; };
		CC095A8EDAF0E84A70F765E7 /* PairingControllerArt.swift in Sources */ = {isa = PBXBuildFile; fileRef = CB83A4AB9B30E5196BC6109C /* PairingControllerArt.swift */; };
		E300DF2DD1D21F5FB5FAE32A /* DownloadTransfer.swift in Sources */ = {isa = PBXBuildFile; fileRef = 90B31D8170237DFF98E1AF7E /* DownloadTransfer.swift */; };
		E53A16F2F3E415CBBBCF149C /* CloudInteractionTests.swift in Sources */ = {isa = PBXBuildFile; fileRef = BACF032FD9723FDCA2CB64FF /* CloudInteractionTests.swift */; };
		E6DCE418F15DD7F86998A57D /* CloudViews.swift in Sources */ = {isa = PBXBuildFile; fileRef = 2323ED64517ABA447A116F10 /* CloudViews.swift */; };
		F1B4A1FB95046FCBED1C109D /* SessionInteractionTests.swift in Sources */ = {isa = PBXBuildFile; fileRef = FAD5F2E37317C6DA181E77C1 /* SessionInteractionTests.swift */; };
		F2DA9DFDEA33D570E8F5757B /* CloudSnapshots.swift in Sources */ = {isa = PBXBuildFile; fileRef = B937D52D98A5C57034AC4FCD /* CloudSnapshots.swift */; };
		F620DFB1233765EA67216E53 /* RuntimeSettingsView.swift in Sources */ = {isa = PBXBuildFile; fileRef = D5CAAE0C8897E979FA0DE729 /* RuntimeSettingsView.swift */; };
		F97B357CF2C84140B4D6FD9C /* LibraryEditingTests.swift in Sources */ = {isa = PBXBuildFile; fileRef = BAA058B561808E36274C4A53 /* LibraryEditingTests.swift */; };
		FA75CFEF0078B5B129977FDF /* UninstallInteractionTests.swift in Sources */ = {isa = PBXBuildFile; fileRef = 697CFDC2E8EEEA5BF7F978E3 /* UninstallInteractionTests.swift */; };
		FCB403FE4A0246DD90667FE7 /* Input in Frameworks */ = {isa = PBXBuildFile; productRef = 8A0E4D1D02D0A2AB2C0FF44A /* Input */; };
/* End PBXBuildFile section */

/* Begin PBXContainerItemProxy section */
		44DBFB70BC510DE5A0E2A80C /* PBXContainerItemProxy */ = {
			isa = PBXContainerItemProxy;
			containerPortal = DB407DB0B76C446F966BD895 /* Project object */;
			proxyType = 1;
			remoteGlobalIDString = 58B7188056332475075E4BE8;
			remoteInfo = BigScreen;
		};
/* End PBXContainerItemProxy section */

/* Begin PBXFileReference section */
		0567D32888B0D5F62BD9122E /* UninstallSnapshots.swift */ = {isa = PBXFileReference; lastKnownFileType = sourcecode.swift; path = UninstallSnapshots.swift; sourceTree = "<group>"; };
		067070582F28748F251928CB /* SessionViews.swift */ = {isa = PBXFileReference; lastKnownFileType = sourcecode.swift; path = SessionViews.swift; sourceTree = "<group>"; };
		08513EE3EB4D3FF23A5EC440 /* Barlow-Medium.ttf */ = {isa = PBXFileReference; lastKnownFileType = file; path = "Barlow-Medium.ttf"; sourceTree = "<group>"; };
		0ABE6CC32C22767FC77D4D03 /* SupportViews.swift */ = {isa = PBXFileReference; lastKnownFileType = sourcecode.swift; path = SupportViews.swift; sourceTree = "<group>"; };
		0EB9DBF77AE790F10C180E46 /* LibraryPersistenceTests.swift */ = {isa = PBXFileReference; lastKnownFileType = sourcecode.swift; path = LibraryPersistenceTests.swift; sourceTree = "<group>"; };
		18AA50524F3D0D3487AA3084 /* DownloadsStorage.swift */ = {isa = PBXFileReference; lastKnownFileType = sourcecode.swift; path = DownloadsStorage.swift; sourceTree = "<group>"; };
		1EF000111188A66D0F1EE7F7 /* CloudModel.swift */ = {isa = PBXFileReference; lastKnownFileType = sourcecode.swift; path = CloudModel.swift; sourceTree = "<group>"; };
		2282843F7F4162EBF4E8583C /* InstallSnapshots.swift */ = {isa = PBXFileReference; lastKnownFileType = sourcecode.swift; path = InstallSnapshots.swift; sourceTree = "<group>"; };
		2323ED64517ABA447A116F10 /* CloudViews.swift */ = {isa = PBXFileReference; lastKnownFileType = sourcecode.swift; path = CloudViews.swift; sourceTree = "<group>"; };
		281D1CCE073CC4C5E8961058 /* AccountInteractionTests.swift */ = {isa = PBXFileReference; lastKnownFileType = sourcecode.swift; path = AccountInteractionTests.swift; sourceTree = "<group>"; };
		290BD195A4CE920AC4FD05D0 /* InstallModel.swift */ = {isa = PBXFileReference; lastKnownFileType = sourcecode.swift; path = InstallModel.swift; sourceTree = "<group>"; };
		298A7FE3903DF49BE93D4156 /* DownloadsStorageTests.swift */ = {isa = PBXFileReference; lastKnownFileType = sourcecode.swift; path = DownloadsStorageTests.swift; sourceTree = "<group>"; };
		2ABB68A7CE89083ACCBE20BC /* LibraryEditing.swift */ = {isa = PBXFileReference; lastKnownFileType = sourcecode.swift; path = LibraryEditing.swift; sourceTree = "<group>"; };
		3F8702FA8C0998A1511EBD2C /* GameDisplay.swift */ = {isa = PBXFileReference; lastKnownFileType = sourcecode.swift; path = GameDisplay.swift; sourceTree = "<group>"; };
		4038C0219269A842D64FC94D /* EditingViews.swift */ = {isa = PBXFileReference; lastKnownFileType = sourcecode.swift; path = EditingViews.swift; sourceTree = "<group>"; };
		4622DF2E186C3B6F638C30B1 /* Barlow-Regular.ttf */ = {isa = PBXFileReference; lastKnownFileType = file; path = "Barlow-Regular.ttf"; sourceTree = "<group>"; };
		46AAFB1CC7B0350A0887992E /* UninstallViews.swift */ = {isa = PBXFileReference; lastKnownFileType = sourcecode.swift; path = UninstallViews.swift; sourceTree = "<group>"; };
		4C9C86672EFCA75AD8158EA9 /* LibraryFilterTests.swift */ = {isa = PBXFileReference; lastKnownFileType = sourcecode.swift; path = LibraryFilterTests.swift; sourceTree = "<group>"; };
		5036277590D70F7B4EDB65E7 /* BigScreenKit */ = {isa = PBXFileReference; lastKnownFileType = folder; name = BigScreenKit; path = Packages/BigScreenKit; sourceTree = SOURCE_ROOT; };
		5B2BFD1CFF9C87356CDEE098 /* DisplayModel.swift */ = {isa = PBXFileReference; lastKnownFileType = sourcecode.swift; path = DisplayModel.swift; sourceTree = "<group>"; };
		5F124DDCA81FCCB25F42B2E6 /* CloudReadCheck.swift */ = {isa = PBXFileReference; lastKnownFileType = sourcecode.swift; path = CloudReadCheck.swift; sourceTree = "<group>"; };
		675832B109B2E37BE237EB27 /* BarlowCondensed-SemiBold.ttf */ = {isa = PBXFileReference; lastKnownFileType = file; path = "BarlowCondensed-SemiBold.ttf"; sourceTree = "<group>"; };
		697CFDC2E8EEEA5BF7F978E3 /* UninstallInteractionTests.swift */ = {isa = PBXFileReference; lastKnownFileType = sourcecode.swift; path = UninstallInteractionTests.swift; sourceTree = "<group>"; };
		6AF948AAF0BAAEF8084DC07F /* Barlow-SemiBold.ttf */ = {isa = PBXFileReference; lastKnownFileType = file; path = "Barlow-SemiBold.ttf"; sourceTree = "<group>"; };
		6C51BD54920288A7687D10E5 /* AmbientBackdrop.swift */ = {isa = PBXFileReference; lastKnownFileType = sourcecode.swift; path = AmbientBackdrop.swift; sourceTree = "<group>"; };
		766C5E1AA303977304DFD467 /* InstallInteractionTests.swift */ = {isa = PBXFileReference; lastKnownFileType = sourcecode.swift; path = InstallInteractionTests.swift; sourceTree = "<group>"; };
		7FE7F5B0C3083DECAE1DC187 /* SessionSnapshots.swift */ = {isa = PBXFileReference; lastKnownFileType = sourcecode.swift; path = SessionSnapshots.swift; sourceTree = "<group>"; };
		825D548FA12B76980D9AE991 /* DownloadTransferTests.swift */ = {isa = PBXFileReference; lastKnownFileType = sourcecode.swift; path = DownloadTransferTests.swift; sourceTree = "<group>"; };
		8D6705B879274E7AFECA275A /* AuthenticationView.swift */ = {isa = PBXFileReference; lastKnownFileType = sourcecode.swift; path = AuthenticationView.swift; sourceTree = "<group>"; };
		8DF603146150E3A8F502D3AF /* BarlowCondensed-Medium.ttf */ = {isa = PBXFileReference; lastKnownFileType = file; path = "BarlowCondensed-Medium.ttf"; sourceTree = "<group>"; };
		8E9A8D8C39868D9CD1F07282 /* SetupView.swift */ = {isa = PBXFileReference; lastKnownFileType = sourcecode.swift; path = SetupView.swift; sourceTree = "<group>"; };
		90B31D8170237DFF98E1AF7E /* DownloadTransfer.swift */ = {isa = PBXFileReference; lastKnownFileType = sourcecode.swift; path = DownloadTransfer.swift; sourceTree = "<group>"; };
		960AF38981989E6B845AE12D /* AccountModel.swift */ = {isa = PBXFileReference; lastKnownFileType = sourcecode.swift; path = AccountModel.swift; sourceTree = "<group>"; };
		99B69173E3CBF5EC838826D5 /* LibraryInteractionTests.swift */ = {isa = PBXFileReference; lastKnownFileType = sourcecode.swift; path = LibraryInteractionTests.swift; sourceTree = "<group>"; };
		99CC90B68B12DC034A62B4A8 /* barlowcondensed-OFL.txt */ = {isa = PBXFileReference; lastKnownFileType = text; path = "barlowcondensed-OFL.txt"; sourceTree = "<group>"; };
		A7E1299E802C11E73F8A1EDA /* LibraryModel.swift */ = {isa = PBXFileReference; lastKnownFileType = sourcecode.swift; path = LibraryModel.swift; sourceTree = "<group>"; };
		AAE11B2EFFCEB9C2937AF54F /* UninstallModel.swift */ = {isa = PBXFileReference; lastKnownFileType = sourcecode.swift; path = UninstallModel.swift; sourceTree = "<group>"; };
		ACE543D0F8A5BF17507E08D4 /* DesignSystem.swift */ = {isa = PBXFileReference; lastKnownFileType = sourcecode.swift; path = DesignSystem.swift; sourceTree = "<group>"; };
		B189A59421792AA442D72A7D /* SetupModel.swift */ = {isa = PBXFileReference; lastKnownFileType = sourcecode.swift; path = SetupModel.swift; sourceTree = "<group>"; };
		B937D52D98A5C57034AC4FCD /* CloudSnapshots.swift */ = {isa = PBXFileReference; lastKnownFileType = sourcecode.swift; path = CloudSnapshots.swift; sourceTree = "<group>"; };
		BAA058B561808E36274C4A53 /* LibraryEditingTests.swift */ = {isa = PBXFileReference; lastKnownFileType = sourcecode.swift; path = LibraryEditingTests.swift; sourceTree = "<group>"; };
		BACF032FD9723FDCA2CB64FF /* CloudInteractionTests.swift */ = {isa = PBXFileReference; lastKnownFileType = sourcecode.swift; path = CloudInteractionTests.swift; sourceTree = "<group>"; };
		BBF8335C78563AB54988A674 /* BarlowCondensed-Bold.ttf */ = {isa = PBXFileReference; lastKnownFileType = file; path = "BarlowCondensed-Bold.ttf"; sourceTree = "<group>"; };
		BCEE46DE0C8F1B560E954F47 /* DisplayInteractionTests.swift */ = {isa = PBXFileReference; lastKnownFileType = sourcecode.swift; path = DisplayInteractionTests.swift; sourceTree = "<group>"; };
		BD033BB2ED7ABC84DF20A75D /* LibraryFilters.swift */ = {isa = PBXFileReference; lastKnownFileType = sourcecode.swift; path = LibraryFilters.swift; sourceTree = "<group>"; };
		C0A99C8A8DFE712FC7DD3CEF /* LibraryPersistence.swift */ = {isa = PBXFileReference; lastKnownFileType = sourcecode.swift; path = LibraryPersistence.swift; sourceTree = "<group>"; };
		C8DF7A3A43F7711BF2900808 /* barlow-OFL.txt */ = {isa = PBXFileReference; lastKnownFileType = text; path = "barlow-OFL.txt"; sourceTree = "<group>"; };
		CB83A4AB9B30E5196BC6109C /* PairingControllerArt.swift */ = {isa = PBXFileReference; lastKnownFileType = sourcecode.swift; path = PairingControllerArt.swift; sourceTree = "<group>"; };
		CB83D00EB74FC4E628955BCE /* ControllerTestView.swift */ = {isa = PBXFileReference; lastKnownFileType = sourcecode.swift; path = ControllerTestView.swift; sourceTree = "<group>"; };
		D5CAAE0C8897E979FA0DE729 /* RuntimeSettingsView.swift */ = {isa = PBXFileReference; lastKnownFileType = sourcecode.swift; path = RuntimeSettingsView.swift; sourceTree = "<group>"; };
		DAC0CDDDECE591309D86C1B6 /* GameExitShortcut.swift */ = {isa = PBXFileReference; lastKnownFileType = sourcecode.swift; path = GameExitShortcut.swift; sourceTree = "<group>"; };
		DB21DA9AE3F1CFE573775A04 /* PreviewCatalog.swift */ = {isa = PBXFileReference; lastKnownFileType = sourcecode.swift; path = PreviewCatalog.swift; sourceTree = "<group>"; };
		DC34C0B6A3AA65EAACEB3DF6 /* BigScreenApp.swift */ = {isa = PBXFileReference; lastKnownFileType = sourcecode.swift; path = BigScreenApp.swift; sourceTree = "<group>"; };
		E569123866C09B72649085F1 /* ControllerInteractionTests.swift */ = {isa = PBXFileReference; lastKnownFileType = sourcecode.swift; path = ControllerInteractionTests.swift; sourceTree = "<group>"; };
		E59AD64ED47C06CB9847E69F /* LibraryViews.swift */ = {isa = PBXFileReference; lastKnownFileType = sourcecode.swift; path = LibraryViews.swift; sourceTree = "<group>"; };
		EC29F464E7AA30FCF14E21D1 /* SetupInteractionTests.swift */ = {isa = PBXFileReference; lastKnownFileType = sourcecode.swift; path = SetupInteractionTests.swift; sourceTree = "<group>"; };
		F368FC58634A6CD38017484C /* DownloadPresentation.swift */ = {isa = PBXFileReference; lastKnownFileType = sourcecode.swift; path = DownloadPresentation.swift; sourceTree = "<group>"; };
		F51F9BB1C1297E755C6FB654 /* FocusViews.swift */ = {isa = PBXFileReference; lastKnownFileType = sourcecode.swift; path = FocusViews.swift; sourceTree = "<group>"; };
		F549D7F628B1DA7071BA2F75 /* BigScreen.app */ = {isa = PBXFileReference; explicitFileType = wrapper.application; includeInIndex = 0; path = BigScreen.app; sourceTree = BUILT_PRODUCTS_DIR; };
		F6F47B22803F522559017DA0 /* BigScreenTests.xctest */ = {isa = PBXFileReference; explicitFileType = wrapper.cfbundle; includeInIndex = 0; path = BigScreenTests.xctest; sourceTree = BUILT_PRODUCTS_DIR; };
		FAD5F2E37317C6DA181E77C1 /* SessionInteractionTests.swift */ = {isa = PBXFileReference; lastKnownFileType = sourcecode.swift; path = SessionInteractionTests.swift; sourceTree = "<group>"; };
		FEE20F0279EE5686D8DDF808 /* SessionModel.swift */ = {isa = PBXFileReference; lastKnownFileType = sourcecode.swift; path = SessionModel.swift; sourceTree = "<group>"; };
/* End PBXFileReference section */

/* Begin PBXFrameworksBuildPhase section */
		1137D235C0FC0264B46D014E /* Frameworks */ = {
			isa = PBXFrameworksBuildPhase;
			buildActionMask = 2147483647;
			files = (
				027C05DE49D217FF36A11277 /* Domain in Frameworks */,
				A5BB015D1145708E9D242027 /* Focus in Frameworks */,
				FCB403FE4A0246DD90667FE7 /* Input in Frameworks */,
				39CC303E3BA3D56385AAECF9 /* Catalog in Frameworks */,
				27CA48F6804A313742ECE091 /* Sources in Frameworks */,
				CA15BEFA39C7E33110214117 /* Runner in Frameworks */,
				A1FF886A1306CD7D8B5CE27F /* Installs in Frameworks */,
				B9C9F1D5CF194B3D92E7705B /* Sessions in Frameworks */,
			);
			runOnlyForDeploymentPostprocessing = 0;
		};
/* End PBXFrameworksBuildPhase section */

/* Begin PBXGroup section */
		44AE54041DEFE82B94ECF2C3 /* AppTests */ = {
			isa = PBXGroup;
			children = (
				281D1CCE073CC4C5E8961058 /* AccountInteractionTests.swift */,
				BACF032FD9723FDCA2CB64FF /* CloudInteractionTests.swift */,
				E569123866C09B72649085F1 /* ControllerInteractionTests.swift */,
				BCEE46DE0C8F1B560E954F47 /* DisplayInteractionTests.swift */,
				298A7FE3903DF49BE93D4156 /* DownloadsStorageTests.swift */,
				825D548FA12B76980D9AE991 /* DownloadTransferTests.swift */,
				766C5E1AA303977304DFD467 /* InstallInteractionTests.swift */,
				BAA058B561808E36274C4A53 /* LibraryEditingTests.swift */,
				4C9C86672EFCA75AD8158EA9 /* LibraryFilterTests.swift */,
				99B69173E3CBF5EC838826D5 /* LibraryInteractionTests.swift */,
				0EB9DBF77AE790F10C180E46 /* LibraryPersistenceTests.swift */,
				FAD5F2E37317C6DA181E77C1 /* SessionInteractionTests.swift */,
				EC29F464E7AA30FCF14E21D1 /* SetupInteractionTests.swift */,
				697CFDC2E8EEEA5BF7F978E3 /* UninstallInteractionTests.swift */,
			);
			name = AppTests;
			path = Tests/AppTests;
			sourceTree = "<group>";
		};
		92362F9C9330BF887D34F154 /* Products */ = {
			isa = PBXGroup;
			children = (
				F549D7F628B1DA7071BA2F75 /* BigScreen.app */,
				F6F47B22803F522559017DA0 /* BigScreenTests.xctest */,
			);
			name = Products;
			sourceTree = "<group>";
		};
		A251EF9B07E2D247834C407F /* App */ = {
			isa = PBXGroup;
			children = (
				960AF38981989E6B845AE12D /* AccountModel.swift */,
				6C51BD54920288A7687D10E5 /* AmbientBackdrop.swift */,
				8D6705B879274E7AFECA275A /* AuthenticationView.swift */,
				DC34C0B6A3AA65EAACEB3DF6 /* BigScreenApp.swift */,
				1EF000111188A66D0F1EE7F7 /* CloudModel.swift */,
				5F124DDCA81FCCB25F42B2E6 /* CloudReadCheck.swift */,
				B937D52D98A5C57034AC4FCD /* CloudSnapshots.swift */,
				2323ED64517ABA447A116F10 /* CloudViews.swift */,
				CB83D00EB74FC4E628955BCE /* ControllerTestView.swift */,
				ACE543D0F8A5BF17507E08D4 /* DesignSystem.swift */,
				5B2BFD1CFF9C87356CDEE098 /* DisplayModel.swift */,
				F368FC58634A6CD38017484C /* DownloadPresentation.swift */,
				18AA50524F3D0D3487AA3084 /* DownloadsStorage.swift */,
				90B31D8170237DFF98E1AF7E /* DownloadTransfer.swift */,
				4038C0219269A842D64FC94D /* EditingViews.swift */,
				F51F9BB1C1297E755C6FB654 /* FocusViews.swift */,
				3F8702FA8C0998A1511EBD2C /* GameDisplay.swift */,
				DAC0CDDDECE591309D86C1B6 /* GameExitShortcut.swift */,
				290BD195A4CE920AC4FD05D0 /* InstallModel.swift */,
				2282843F7F4162EBF4E8583C /* InstallSnapshots.swift */,
				2ABB68A7CE89083ACCBE20BC /* LibraryEditing.swift */,
				BD033BB2ED7ABC84DF20A75D /* LibraryFilters.swift */,
				A7E1299E802C11E73F8A1EDA /* LibraryModel.swift */,
				C0A99C8A8DFE712FC7DD3CEF /* LibraryPersistence.swift */,
				E59AD64ED47C06CB9847E69F /* LibraryViews.swift */,
				CB83A4AB9B30E5196BC6109C /* PairingControllerArt.swift */,
				DB21DA9AE3F1CFE573775A04 /* PreviewCatalog.swift */,
				D5CAAE0C8897E979FA0DE729 /* RuntimeSettingsView.swift */,
				FEE20F0279EE5686D8DDF808 /* SessionModel.swift */,
				7FE7F5B0C3083DECAE1DC187 /* SessionSnapshots.swift */,
				067070582F28748F251928CB /* SessionViews.swift */,
				B189A59421792AA442D72A7D /* SetupModel.swift */,
				8E9A8D8C39868D9CD1F07282 /* SetupView.swift */,
				0ABE6CC32C22767FC77D4D03 /* SupportViews.swift */,
				AAE11B2EFFCEB9C2937AF54F /* UninstallModel.swift */,
				0567D32888B0D5F62BD9122E /* UninstallSnapshots.swift */,
				46AAFB1CC7B0350A0887992E /* UninstallViews.swift */,
				BE41A0948563E9044ACC39FF /* Resources */,
			);
			path = App;
			sourceTree = "<group>";
		};
		AD23B080BAD3FE31DDB0FDB0 = {
			isa = PBXGroup;
			children = (
				A251EF9B07E2D247834C407F /* App */,
				44AE54041DEFE82B94ECF2C3 /* AppTests */,
				BDB57EE0D1D5201A1A15BFED /* Packages */,
				92362F9C9330BF887D34F154 /* Products */,
			);
			sourceTree = "<group>";
		};
		BC97F0E56FF5D7F887259578 /* Fonts */ = {
			isa = PBXGroup;
			children = (
				08513EE3EB4D3FF23A5EC440 /* Barlow-Medium.ttf */,
				C8DF7A3A43F7711BF2900808 /* barlow-OFL.txt */,
				4622DF2E186C3B6F638C30B1 /* Barlow-Regular.ttf */,
				6AF948AAF0BAAEF8084DC07F /* Barlow-SemiBold.ttf */,
				BBF8335C78563AB54988A674 /* BarlowCondensed-Bold.ttf */,
				8DF603146150E3A8F502D3AF /* BarlowCondensed-Medium.ttf */,
				99CC90B68B12DC034A62B4A8 /* barlowcondensed-OFL.txt */,
				675832B109B2E37BE237EB27 /* BarlowCondensed-SemiBold.ttf */,
			);
			path = Fonts;
			sourceTree = "<group>";
		};
		BDB57EE0D1D5201A1A15BFED /* Packages */ = {
			isa = PBXGroup;
			children = (
				5036277590D70F7B4EDB65E7 /* BigScreenKit */,
			);
			path = Packages;
			sourceTree = "<group>";
		};
		BE41A0948563E9044ACC39FF /* Resources */ = {
			isa = PBXGroup;
			children = (
				BC97F0E56FF5D7F887259578 /* Fonts */,
			);
			path = Resources;
			sourceTree = "<group>";
		};
/* End PBXGroup section */

/* Begin PBXNativeTarget section */
		58B7188056332475075E4BE8 /* BigScreen */ = {
			isa = PBXNativeTarget;
			buildConfigurationList = 985B375A0B20AF53C914BABC /* Build configuration list for PBXNativeTarget "BigScreen" */;
			buildPhases = (
				0273FE39B0C558DA91D9242A /* Sources */,
				397BB1D4372EEF9806B4500A /* Resources */,
				1137D235C0FC0264B46D014E /* Frameworks */,
				2E58316EFAD5370B2C63AC4C /* Build Windows display helper */,
				1F48B9CCD15FB773B134BC54 /* Embed Steam runtime libraries */,
			);
			buildRules = (
			);
			dependencies = (
			);
			name = BigScreen;
			packageProductDependencies = (
				DCB264D4EC935990E4A49C62 /* Domain */,
				7DAA6C5CD5D24A18E0472A09 /* Focus */,
				8A0E4D1D02D0A2AB2C0FF44A /* Input */,
				28715DC80ABF712BDFAB9025 /* Catalog */,
				AA4199507081D0EE49C53585 /* Sources */,
				6310A68293BC5942095233F5 /* Runner */,
				616AFAA57B1C670A9E38212D /* Installs */,
				F113430A9DD2F5547F593DAD /* Sessions */,
			);
			productName = BigScreen;
			productReference = F549D7F628B1DA7071BA2F75 /* BigScreen.app */;
			productType = "com.apple.product-type.application";
		};
		628B536C891807FDA13EE822 /* BigScreenTests */ = {
			isa = PBXNativeTarget;
			buildConfigurationList = 1A26AD2FB2CF43E43C243FE4 /* Build configuration list for PBXNativeTarget "BigScreenTests" */;
			buildPhases = (
				7496B4081413CEDD60C0FBB2 /* Sources */,
			);
			buildRules = (
			);
			dependencies = (
				F28E59D78675D57DB0FF4C88 /* PBXTargetDependency */,
			);
			name = BigScreenTests;
			packageProductDependencies = (
			);
			productName = BigScreenTests;
			productReference = F6F47B22803F522559017DA0 /* BigScreenTests.xctest */;
			productType = "com.apple.product-type.bundle.unit-test";
		};
/* End PBXNativeTarget section */

/* Begin PBXProject section */
		DB407DB0B76C446F966BD895 /* Project object */ = {
			isa = PBXProject;
			attributes = {
				BuildIndependentTargetsInParallel = YES;
				LastUpgradeCheck = 1430;
				TargetAttributes = {
					58B7188056332475075E4BE8 = {
						ProvisioningStyle = Automatic;
					};
				};
			};
			buildConfigurationList = F8267173DE48E6FACC5026F8 /* Build configuration list for PBXProject "BigScreen" */;
			compatibilityVersion = "Xcode 14.0";
			developmentRegion = en;
			hasScannedForEncodings = 0;
			knownRegions = (
				Base,
				en,
			);
			mainGroup = AD23B080BAD3FE31DDB0FDB0;
			minimizedProjectReferenceProxies = 1;
			packageReferences = (
				6A2C46D718E6E93373D69E5F /* XCLocalSwiftPackageReference "Packages/BigScreenKit" */,
			);
			preferredProjectObjectVersion = 77;
			projectDirPath = "";
			projectRoot = "";
			targets = (
				58B7188056332475075E4BE8 /* BigScreen */,
				628B536C891807FDA13EE822 /* BigScreenTests */,
			);
		};
/* End PBXProject section */

/* Begin PBXResourcesBuildPhase section */
		397BB1D4372EEF9806B4500A /* Resources */ = {
			isa = PBXResourcesBuildPhase;
			buildActionMask = 2147483647;
			files = (
				1C1BD2C0F9B2D54C8BA9272C /* Barlow-Medium.ttf in Resources */,
				CAF7A51F716DA804FB81BE04 /* Barlow-Regular.ttf in Resources */,
				0ADE2D8965DF0EB2970C1299 /* Barlow-SemiBold.ttf in Resources */,
				9056FBDE7AA54810D6A27738 /* BarlowCondensed-Bold.ttf in Resources */,
				C1FB15B5D9027944888D38FA /* BarlowCondensed-Medium.ttf in Resources */,
				8F22CB0C305DF070224934BA /* BarlowCondensed-SemiBold.ttf in Resources */,
				1893A3DCB6C8FDCE2B5C32E1 /* barlow-OFL.txt in Resources */,
				0D2E79FBE3049ECE01746076 /* barlowcondensed-OFL.txt in Resources */,
			);
			runOnlyForDeploymentPostprocessing = 0;
		};
/* End PBXResourcesBuildPhase section */

/* Begin PBXShellScriptBuildPhase section */
		1F48B9CCD15FB773B134BC54 /* Embed Steam runtime libraries */ = {
			isa = PBXShellScriptBuildPhase;
			alwaysOutOfDate = 1;
			buildActionMask = 2147483647;
			files = (
			);
			inputFileListPaths = (
			);
			inputPaths = (
			);
			name = "Embed Steam runtime libraries";
			outputFileListPaths = (
			);
			outputPaths = (
				"$(TARGET_BUILD_DIR)/$(FRAMEWORKS_FOLDER_PATH)/liblzma.5.dylib",
				"$(TARGET_BUILD_DIR)/$(FRAMEWORKS_FOLDER_PATH)/libzstd.1.dylib",
				"$(TARGET_BUILD_DIR)/$(UNLOCALIZED_RESOURCES_FOLDER_PATH)/Licenses/liblzma.txt",
				"$(TARGET_BUILD_DIR)/$(UNLOCALIZED_RESOURCES_FOLDER_PATH)/Licenses/zstd.txt",
			);
			runOnlyForDeploymentPostprocessing = 0;
			shellPath = /bin/sh;
			shellScript = "#!/bin/sh\nset -eu\n# SteamCore's system-library dependencies must ship with the app rather than resolve via Homebrew.\nframeworks=\"$TARGET_BUILD_DIR/$FRAMEWORKS_FOLDER_PATH\"\nmkdir -p \"$frameworks\"\nfor entry in xz:liblzma.5.dylib zstd:libzstd.1.dylib; do\n    formula=${entry%%:*}\n    library=${entry#*:}\n    source_path=\"/opt/homebrew/opt/$formula/lib/$library\"\n    test -f \"$source_path\"\n    cp -f \"$source_path\" \"$frameworks/$library\"\n    chmod u+w \"$frameworks/$library\"\n    /usr/bin/install_name_tool -id \"@rpath/$library\" \"$frameworks/$library\"\n    /usr/bin/codesign --force --sign - \"$frameworks/$library\"\n    for binary in \"$TARGET_BUILD_DIR/$EXECUTABLE_PATH\" \"$TARGET_BUILD_DIR/$EXECUTABLE_FOLDER_PATH/$PRODUCT_NAME.debug.dylib\"; do\n        if test -f \"$binary\"; then\n            /usr/bin/install_name_tool -change \"$source_path\" \"@rpath/$library\" \"$binary\"\n        fi\n    done\ndone\nlicenses=\"$TARGET_BUILD_DIR/$UNLOCALIZED_RESOURCES_FOLDER_PATH/Licenses\"\nmkdir -p \"$licenses\"\ncp /opt/homebrew/opt/xz/share/doc/xz/COPYING.0BSD \"$licenses/liblzma.txt\"\ncp /opt/homebrew/opt/zstd/LICENSE \"$licenses/zstd.txt\"\n";
		};
		2E58316EFAD5370B2C63AC4C /* Build Windows display helper */ = {
			isa = PBXShellScriptBuildPhase;
			alwaysOutOfDate = 1;
			buildActionMask = 2147483647;
			files = (
			);
			inputFileListPaths = (
			);
			inputPaths = (
			);
			name = "Build Windows display helper";
			outputFileListPaths = (
			);
			outputPaths = (
				"$(TARGET_BUILD_DIR)/$(UNLOCALIZED_RESOURCES_FOLDER_PATH)/BigScreenDisplay.exe",
			);
			runOnlyForDeploymentPostprocessing = 0;
			shellPath = /bin/sh;
			shellScript = "#!/bin/sh\nset -eu\ncd \"$SRCROOT\"\n# Build a tiny Windows executable using the existing LLVM cross compiler and linker.\n# No downloaded runtime, Windows SDK, .NET, or additional user permissions are required.\ncompiler_root=\"${BIGSCREEN_LLVM_ROOT:-/opt/homebrew/opt/llvm}\"\nlinker_root=\"${BIGSCREEN_LLD_ROOT:-/opt/homebrew/opt/lld}\"\nhelper_build=\"$DERIVED_FILE_DIR/DisplayHelper\"\nhelper_resources=\"$TARGET_BUILD_DIR/$UNLOCALIZED_RESOURCES_FOLDER_PATH\"\nmkdir -p \"$helper_build\" \"$helper_resources\"\n\"$compiler_root/bin/clang\" --target=x86_64-pc-windows-msvc -std=c11 -Os -Wall -Wextra -Werror \\\n    -ffreestanding -fno-builtin -fno-stack-protector -c Native/DisplayHelper/main.c -o \"$helper_build/main.obj\"\nfor library in kernel32 user32 shell32; do\n    \"$compiler_root/bin/llvm-dlltool\" -m i386:x86-64 -d \"Native/DisplayHelper/$library.def\" -l \"$helper_build/$library.lib\"\ndone\n\"$linker_root/bin/lld-link\" /nodefaultlib /entry:mainCRTStartup /subsystem:console /machine:x64 /timestamp:0 \\\n    \"/out:$helper_resources/BigScreenDisplay.exe\" \"$helper_build/main.obj\" \\\n    \"$helper_build/kernel32.lib\" \"$helper_build/user32.lib\" \"$helper_build/shell32.lib\"\n";
		};
/* End PBXShellScriptBuildPhase section */

/* Begin PBXSourcesBuildPhase section */
		0273FE39B0C558DA91D9242A /* Sources */ = {
			isa = PBXSourcesBuildPhase;
			buildActionMask = 2147483647;
			files = (
				36F6307D8E8DC73C2A6AF33F /* AccountModel.swift in Sources */,
				2CBF1B157A95E516A68766C2 /* AmbientBackdrop.swift in Sources */,
				184DCD9AB341114AFCCFE804 /* AuthenticationView.swift in Sources */,
				14216B99792AA03166CC204A /* BigScreenApp.swift in Sources */,
				400AB80512FEE0BAABEDFD36 /* CloudModel.swift in Sources */,
				C4EDBB9348B8E1E02A0161D8 /* CloudReadCheck.swift in Sources */,
				F2DA9DFDEA33D570E8F5757B /* CloudSnapshots.swift in Sources */,
				E6DCE418F15DD7F86998A57D /* CloudViews.swift in Sources */,
				02333F1C7B4832A61E57A245 /* ControllerTestView.swift in Sources */,
				1CDD97632E3844CB38650231 /* DesignSystem.swift in Sources */,
				0779CD1FCEE0B67901EBD95A /* DisplayModel.swift in Sources */,
				1EFD31AE2D9D221A91B9222D /* DownloadPresentation.swift in Sources */,
				E300DF2DD1D21F5FB5FAE32A /* DownloadTransfer.swift in Sources */,
				2A30E28CC49257F4096D7123 /* DownloadsStorage.swift in Sources */,
				B1A657D405AAD7C8B281677C /* EditingViews.swift in Sources */,
				557F062A5951E40EC82A7F69 /* FocusViews.swift in Sources */,
				C617DC97E2339CC012966C7D /* GameDisplay.swift in Sources */,
				22C6ADE3CF2AAE902950F889 /* GameExitShortcut.swift in Sources */,
				38E2837AB3519707459E65EF /* InstallModel.swift in Sources */,
				3D06C7DD0B318C2EDB32000C /* InstallSnapshots.swift in Sources */,
				026CD25A5A7A4881AC6252AE /* LibraryEditing.swift in Sources */,
				8F6786AF7BABC6BECC836D3F /* LibraryFilters.swift in Sources */,
				B25B1F80C0B90AEC6CA8BC60 /* LibraryModel.swift in Sources */,
				0B41C234F26FCC59D2D7FA28 /* LibraryPersistence.swift in Sources */,
				289C912D18322B71016A270B /* LibraryViews.swift in Sources */,
				CC095A8EDAF0E84A70F765E7 /* PairingControllerArt.swift in Sources */,
				CA2CD29BB2A361B7CCF5F01C /* PreviewCatalog.swift in Sources */,
				F620DFB1233765EA67216E53 /* RuntimeSettingsView.swift in Sources */,
				759FD0040D3A15F11EB242BF /* SessionModel.swift in Sources */,
				9D03D7A93EB51D6CC74F7872 /* SessionSnapshots.swift in Sources */,
				A1F98340767C799A2B3CD174 /* SessionViews.swift in Sources */,
				8E48D457DC1378C5E8F680BF /* SetupModel.swift in Sources */,
				7C334DEF7D550877108D36C6 /* SetupView.swift in Sources */,
				764655582701C0B1C2F9BA54 /* SupportViews.swift in Sources */,
				C4F6044A852DE53219F2C612 /* UninstallModel.swift in Sources */,
				AE24E3CF1C61026537390A49 /* UninstallSnapshots.swift in Sources */,
				C2F8F929032A1920F449F960 /* UninstallViews.swift in Sources */,
			);
			runOnlyForDeploymentPostprocessing = 0;
		};
		7496B4081413CEDD60C0FBB2 /* Sources */ = {
			isa = PBXSourcesBuildPhase;
			buildActionMask = 2147483647;
			files = (
				B2A98FB795CC03E24E7989E6 /* AccountInteractionTests.swift in Sources */,
				E53A16F2F3E415CBBBCF149C /* CloudInteractionTests.swift in Sources */,
				B1283F0A6BA67AEA7A9C5AE0 /* ControllerInteractionTests.swift in Sources */,
				8898C23653880E5196312E05 /* DisplayInteractionTests.swift in Sources */,
				85893C2ABE20A3E103B5225D /* DownloadTransferTests.swift in Sources */,
				B1590EAEFE782189155E22D5 /* DownloadsStorageTests.swift in Sources */,
				A87C77D05E6DD17B5E85C9BD /* InstallInteractionTests.swift in Sources */,
				F97B357CF2C84140B4D6FD9C /* LibraryEditingTests.swift in Sources */,
				47D3331506D352A34D2918D0 /* LibraryFilterTests.swift in Sources */,
				339B25E5D038DDAF8B50576E /* LibraryInteractionTests.swift in Sources */,
				30306F64D650CE41AADD0B44 /* LibraryPersistenceTests.swift in Sources */,
				F1B4A1FB95046FCBED1C109D /* SessionInteractionTests.swift in Sources */,
				0B17236C1AE8462B76F1E113 /* SetupInteractionTests.swift in Sources */,
				FA75CFEF0078B5B129977FDF /* UninstallInteractionTests.swift in Sources */,
			);
			runOnlyForDeploymentPostprocessing = 0;
		};
/* End PBXSourcesBuildPhase section */

/* Begin PBXTargetDependency section */
		F28E59D78675D57DB0FF4C88 /* PBXTargetDependency */ = {
			isa = PBXTargetDependency;
			target = 58B7188056332475075E4BE8 /* BigScreen */;
			targetProxy = 44DBFB70BC510DE5A0E2A80C /* PBXContainerItemProxy */;
		};
/* End PBXTargetDependency section */

/* Begin XCBuildConfiguration section */
		0B241B1B5AC740B4E4CDE81E /* Debug */ = {
			isa = XCBuildConfiguration;
			buildSettings = {
				BUNDLE_LOADER = "$(TEST_HOST)";
				CODE_SIGN_IDENTITY = "-";
				COMBINE_HIDPI_IMAGES = YES;
				GENERATE_INFOPLIST_FILE = YES;
				LD_RUNPATH_SEARCH_PATHS = (
					"$(inherited)",
					"@executable_path/../Frameworks",
					"@loader_path/../Frameworks",
				);
				PRODUCT_BUNDLE_IDENTIFIER = com.gamenative.BigScreenTests;
				SDKROOT = macosx;
				TEST_HOST = "$(BUILT_PRODUCTS_DIR)/Big Screen.app/Contents/MacOS/Big Screen";
			};
			name = Debug;
		};
		22A69E88F15E1F6166398641 /* Release */ = {
			isa = XCBuildConfiguration;
			buildSettings = {
				ASSETCATALOG_COMPILER_APPICON_NAME = AppIcon;
				CODE_SIGN_IDENTITY = "-";
				CODE_SIGN_STYLE = Automatic;
				COMBINE_HIDPI_IMAGES = YES;
				ENABLE_APP_SANDBOX = NO;
				GENERATE_INFOPLIST_FILE = YES;
				HEADER_SEARCH_PATHS = (
					"$(inherited)",
					/opt/homebrew/include,
				);
				INFOPLIST_KEY_CFBundleDisplayName = "Big Screen";
				INFOPLIST_KEY_LSApplicationCategoryType = "public.app-category.games";
				INFOPLIST_KEY_NSRemovableVolumesUsageDescription = "Big Screen installs and plays games on the drive you choose.";
				LD_RUNPATH_SEARCH_PATHS = (
					"$(inherited)",
					"@executable_path/../Frameworks",
					"@loader_path/../Frameworks",
				);
				LIBRARY_SEARCH_PATHS = (
					"$(inherited)",
					/opt/homebrew/lib,
				);
				PRODUCT_BUNDLE_IDENTIFIER = com.gamenative.bigscreen;
				PRODUCT_MODULE_NAME = BigScreen;
				PRODUCT_NAME = "Big Screen";
				SDKROOT = macosx;
			};
			name = Release;
		};
		A5FE89B0440D04A149AD46DF /* Release */ = {
			isa = XCBuildConfiguration;
			buildSettings = {
				ALWAYS_SEARCH_USER_PATHS = NO;
				CLANG_ANALYZER_NONNULL = YES;
				CLANG_ANALYZER_NUMBER_OBJECT_CONVERSION = YES_AGGRESSIVE;
				CLANG_CXX_LANGUAGE_STANDARD = "gnu++14";
				CLANG_CXX_LIBRARY = "libc++";
				CLANG_ENABLE_MODULES = YES;
				CLANG_ENABLE_OBJC_ARC = YES;
				CLANG_ENABLE_OBJC_WEAK = YES;
				CLANG_WARN_BLOCK_CAPTURE_AUTORELEASING = YES;
				CLANG_WARN_BOOL_CONVERSION = YES;
				CLANG_WARN_COMMA = YES;
				CLANG_WARN_CONSTANT_CONVERSION = YES;
				CLANG_WARN_DEPRECATED_OBJC_IMPLEMENTATIONS = YES;
				CLANG_WARN_DIRECT_OBJC_ISA_USAGE = YES_ERROR;
				CLANG_WARN_DOCUMENTATION_COMMENTS = YES;
				CLANG_WARN_EMPTY_BODY = YES;
				CLANG_WARN_ENUM_CONVERSION = YES;
				CLANG_WARN_INFINITE_RECURSION = YES;
				CLANG_WARN_INT_CONVERSION = YES;
				CLANG_WARN_NON_LITERAL_NULL_CONVERSION = YES;
				CLANG_WARN_OBJC_IMPLICIT_RETAIN_SELF = YES;
				CLANG_WARN_OBJC_LITERAL_CONVERSION = YES;
				CLANG_WARN_OBJC_ROOT_CLASS = YES_ERROR;
				CLANG_WARN_QUOTED_INCLUDE_IN_FRAMEWORK_HEADER = YES;
				CLANG_WARN_RANGE_LOOP_ANALYSIS = YES;
				CLANG_WARN_STRICT_PROTOTYPES = YES;
				CLANG_WARN_SUSPICIOUS_MOVE = YES;
				CLANG_WARN_UNGUARDED_AVAILABILITY = YES_AGGRESSIVE;
				CLANG_WARN_UNREACHABLE_CODE = YES;
				CLANG_WARN__DUPLICATE_METHOD_MATCH = YES;
				COPY_PHASE_STRIP = NO;
				DEBUG_INFORMATION_FORMAT = "dwarf-with-dsym";
				ENABLE_NS_ASSERTIONS = NO;
				ENABLE_STRICT_OBJC_MSGSEND = YES;
				GCC_C_LANGUAGE_STANDARD = gnu11;
				GCC_NO_COMMON_BLOCKS = YES;
				GCC_WARN_64_TO_32_BIT_CONVERSION = YES;
				GCC_WARN_ABOUT_RETURN_TYPE = YES_ERROR;
				GCC_WARN_UNDECLARED_SELECTOR = YES;
				GCC_WARN_UNINITIALIZED_AUTOS = YES_AGGRESSIVE;
				GCC_WARN_UNUSED_FUNCTION = YES;
				GCC_WARN_UNUSED_VARIABLE = YES;
				MACOSX_DEPLOYMENT_TARGET = 15.0;
				MTL_ENABLE_DEBUG_INFO = NO;
				MTL_FAST_MATH = YES;
				PRODUCT_NAME = "$(TARGET_NAME)";
				SDKROOT = macosx;
				SWIFT_COMPILATION_MODE = wholemodule;
				SWIFT_OPTIMIZATION_LEVEL = "-O";
				SWIFT_VERSION = 6.0;
			};
			name = Release;
		};
		D7F5AE0F4F2AEC3EDB3AE1F6 /* Release */ = {
			isa = XCBuildConfiguration;
			buildSettings = {
				BUNDLE_LOADER = "$(TEST_HOST)";
				CODE_SIGN_IDENTITY = "-";
				COMBINE_HIDPI_IMAGES = YES;
				GENERATE_INFOPLIST_FILE = YES;
				LD_RUNPATH_SEARCH_PATHS = (
					"$(inherited)",
					"@executable_path/../Frameworks",
					"@loader_path/../Frameworks",
				);
				PRODUCT_BUNDLE_IDENTIFIER = com.gamenative.BigScreenTests;
				SDKROOT = macosx;
				TEST_HOST = "$(BUILT_PRODUCTS_DIR)/Big Screen.app/Contents/MacOS/Big Screen";
			};
			name = Release;
		};
		E215427ED2FA7F227C192EB5 /* Debug */ = {
			isa = XCBuildConfiguration;
			buildSettings = {
				ASSETCATALOG_COMPILER_APPICON_NAME = AppIcon;
				CODE_SIGN_IDENTITY = "-";
				CODE_SIGN_STYLE = Automatic;
				COMBINE_HIDPI_IMAGES = YES;
				ENABLE_APP_SANDBOX = NO;
				GENERATE_INFOPLIST_FILE = YES;
				HEADER_SEARCH_PATHS = (
					"$(inherited)",
					/opt/homebrew/include,
				);
				INFOPLIST_KEY_CFBundleDisplayName = "Big Screen";
				INFOPLIST_KEY_LSApplicationCategoryType = "public.app-category.games";
				INFOPLIST_KEY_NSRemovableVolumesUsageDescription = "Big Screen installs and plays games on the drive you choose.";
				LD_RUNPATH_SEARCH_PATHS = (
					"$(inherited)",
					"@executable_path/../Frameworks",
					"@loader_path/../Frameworks",
				);
				LIBRARY_SEARCH_PATHS = (
					"$(inherited)",
					/opt/homebrew/lib,
				);
				PRODUCT_BUNDLE_IDENTIFIER = com.gamenative.bigscreen;
				PRODUCT_MODULE_NAME = BigScreen;
				PRODUCT_NAME = "Big Screen";
				SDKROOT = macosx;
			};
			name = Debug;
		};
		EF820DB2030C3AF2874595C6 /* Debug */ = {
			isa = XCBuildConfiguration;
			buildSettings = {
				ALWAYS_SEARCH_USER_PATHS = NO;
				CLANG_ANALYZER_NONNULL = YES;
				CLANG_ANALYZER_NUMBER_OBJECT_CONVERSION = YES_AGGRESSIVE;
				CLANG_CXX_LANGUAGE_STANDARD = "gnu++14";
				CLANG_CXX_LIBRARY = "libc++";
				CLANG_ENABLE_MODULES = YES;
				CLANG_ENABLE_OBJC_ARC = YES;
				CLANG_ENABLE_OBJC_WEAK = YES;
				CLANG_WARN_BLOCK_CAPTURE_AUTORELEASING = YES;
				CLANG_WARN_BOOL_CONVERSION = YES;
				CLANG_WARN_COMMA = YES;
				CLANG_WARN_CONSTANT_CONVERSION = YES;
				CLANG_WARN_DEPRECATED_OBJC_IMPLEMENTATIONS = YES;
				CLANG_WARN_DIRECT_OBJC_ISA_USAGE = YES_ERROR;
				CLANG_WARN_DOCUMENTATION_COMMENTS = YES;
				CLANG_WARN_EMPTY_BODY = YES;
				CLANG_WARN_ENUM_CONVERSION = YES;
				CLANG_WARN_INFINITE_RECURSION = YES;
				CLANG_WARN_INT_CONVERSION = YES;
				CLANG_WARN_NON_LITERAL_NULL_CONVERSION = YES;
				CLANG_WARN_OBJC_IMPLICIT_RETAIN_SELF = YES;
				CLANG_WARN_OBJC_LITERAL_CONVERSION = YES;
				CLANG_WARN_OBJC_ROOT_CLASS = YES_ERROR;
				CLANG_WARN_QUOTED_INCLUDE_IN_FRAMEWORK_HEADER = YES;
				CLANG_WARN_RANGE_LOOP_ANALYSIS = YES;
				CLANG_WARN_STRICT_PROTOTYPES = YES;
				CLANG_WARN_SUSPICIOUS_MOVE = YES;
				CLANG_WARN_UNGUARDED_AVAILABILITY = YES_AGGRESSIVE;
				CLANG_WARN_UNREACHABLE_CODE = YES;
				CLANG_WARN__DUPLICATE_METHOD_MATCH = YES;
				COPY_PHASE_STRIP = NO;
				DEBUG_INFORMATION_FORMAT = dwarf;
				ENABLE_STRICT_OBJC_MSGSEND = YES;
				ENABLE_TESTABILITY = YES;
				GCC_C_LANGUAGE_STANDARD = gnu11;
				GCC_DYNAMIC_NO_PIC = NO;
				GCC_NO_COMMON_BLOCKS = YES;
				GCC_OPTIMIZATION_LEVEL = 0;
				GCC_PREPROCESSOR_DEFINITIONS = (
					"$(inherited)",
					"DEBUG=1",
				);
				GCC_WARN_64_TO_32_BIT_CONVERSION = YES;
				GCC_WARN_ABOUT_RETURN_TYPE = YES_ERROR;
				GCC_WARN_UNDECLARED_SELECTOR = YES;
				GCC_WARN_UNINITIALIZED_AUTOS = YES_AGGRESSIVE;
				GCC_WARN_UNUSED_FUNCTION = YES;
				GCC_WARN_UNUSED_VARIABLE = YES;
				MACOSX_DEPLOYMENT_TARGET = 15.0;
				MTL_ENABLE_DEBUG_INFO = INCLUDE_SOURCE;
				MTL_FAST_MATH = YES;
				ONLY_ACTIVE_ARCH = YES;
				PRODUCT_NAME = "$(TARGET_NAME)";
				SDKROOT = macosx;
				SWIFT_ACTIVE_COMPILATION_CONDITIONS = DEBUG;
				SWIFT_OPTIMIZATION_LEVEL = "-Onone";
				SWIFT_VERSION = 6.0;
			};
			name = Debug;
		};
/* End XCBuildConfiguration section */

/* Begin XCConfigurationList section */
		1A26AD2FB2CF43E43C243FE4 /* Build configuration list for PBXNativeTarget "BigScreenTests" */ = {
			isa = XCConfigurationList;
			buildConfigurations = (
				0B241B1B5AC740B4E4CDE81E /* Debug */,
				D7F5AE0F4F2AEC3EDB3AE1F6 /* Release */,
			);
			defaultConfigurationIsVisible = 0;
			defaultConfigurationName = Debug;
		};
		985B375A0B20AF53C914BABC /* Build configuration list for PBXNativeTarget "BigScreen" */ = {
			isa = XCConfigurationList;
			buildConfigurations = (
				E215427ED2FA7F227C192EB5 /* Debug */,
				22A69E88F15E1F6166398641 /* Release */,
			);
			defaultConfigurationIsVisible = 0;
			defaultConfigurationName = Debug;
		};
		F8267173DE48E6FACC5026F8 /* Build configuration list for PBXProject "BigScreen" */ = {
			isa = XCConfigurationList;
			buildConfigurations = (
				EF820DB2030C3AF2874595C6 /* Debug */,
				A5FE89B0440D04A149AD46DF /* Release */,
			);
			defaultConfigurationIsVisible = 0;
			defaultConfigurationName = Debug;
		};
/* End XCConfigurationList section */

/* Begin XCLocalSwiftPackageReference section */
		6A2C46D718E6E93373D69E5F /* XCLocalSwiftPackageReference "Packages/BigScreenKit" */ = {
			isa = XCLocalSwiftPackageReference;
			relativePath = Packages/BigScreenKit;
		};
/* End XCLocalSwiftPackageReference section */

/* Begin XCSwiftPackageProductDependency section */
		28715DC80ABF712BDFAB9025 /* Catalog */ = {
			isa = XCSwiftPackageProductDependency;
			productName = Catalog;
		};
		616AFAA57B1C670A9E38212D /* Installs */ = {
			isa = XCSwiftPackageProductDependency;
			productName = Installs;
		};
		6310A68293BC5942095233F5 /* Runner */ = {
			isa = XCSwiftPackageProductDependency;
			productName = Runner;
		};
		7DAA6C5CD5D24A18E0472A09 /* Focus */ = {
			isa = XCSwiftPackageProductDependency;
			productName = Focus;
		};
		8A0E4D1D02D0A2AB2C0FF44A /* Input */ = {
			isa = XCSwiftPackageProductDependency;
			productName = Input;
		};
		AA4199507081D0EE49C53585 /* Sources */ = {
			isa = XCSwiftPackageProductDependency;
			productName = Sources;
		};
		DCB264D4EC935990E4A49C62 /* Domain */ = {
			isa = XCSwiftPackageProductDependency;
			productName = Domain;
		};
		F113430A9DD2F5547F593DAD /* Sessions */ = {
			isa = XCSwiftPackageProductDependency;
			productName = Sessions;
		};
/* End XCSwiftPackageProductDependency section */
	};
	rootObject = DB407DB0B76C446F966BD895 /* Project object */;
}
